// !$*UTF8*$!
{
	archiveVersion = 1;
	classes = {
	};
	objectVersion = 56;
	objects = {

/* Begin PBXBuildFile section */
		8E52F8CF2BA8BA8F00092D93 /* Etapa1View.swift in Sources */ = {isa = PBXBuildFile; fileRef = 8E52F8CE2BA8BA8F00092D93 /* Etapa1View.swift */; };
		8E52F8D12BA8C9C300092D93 /* Etapas.swift in Sources */ = {isa = PBXBuildFile; fileRef = 8E52F8D02BA8C9C300092D93 /* Etapas.swift */; };
		8ECCD9E92BA7D8AD005C857C /* IFruutApp.swift in Sources */ = {isa = PBXBuildFile; fileRef = 8ECCD9E82BA7D8AD005C857C /* IFruutApp.swift */; };
		8ECCD9EB2BA7D8AD005C857C /* ContentView.swift in Sources */ = {isa = PBXBuildFile; fileRef = 8ECCD9EA2BA7D8AD005C857C /* ContentView.swift */; };
		8ECCD9ED2BA7D8AF005C857C /* Assets.xcassets in Resources */ = {isa = PBXBuildFile; fileRef = 8ECCD9EC2BA7D8AF005C857C /* Assets.xcassets */; };
		8ECCD9F02BA7D8AF005C857C /* Preview Assets.xcassets in Resources */ = {isa = PBXBuildFile; fileRef = 8ECCD9EF2BA7D8AF005C857C /* Preview Assets.xcassets */; };
		8ECCDA0B2BA7DC59005C857C /* StoryBoardView.swift in Sources */ = {isa = PBXBuildFile; fileRef = 8ECCDA0A2BA7DC59005C857C /* StoryBoardView.swift */; };
		8ECCDA0F2BA7DE10005C857C /* LoginView.swift in Sources */ = {isa = PBXBuildFile; fileRef = 8ECCDA0E2BA7DE10005C857C /* LoginView.swift */; };
		8ECCDA122BA89654005C857C /* RegisterView.swift in Sources */ = {isa = PBXBuildFile; fileRef = 8ECCDA112BA89654005C857C /* RegisterView.swift */; };
/* End PBXBuildFile section */

/* Begin PBXFileReference section */
		8E52F8CE2BA8BA8F00092D93 /* Etapa1View.swift */ = {isa = PBXFileReference; lastKnownFileType = sourcecode.swift; path = Etapa1View.swift; sourceTree = "<group>"; };
		8E52F8D02BA8C9C300092D93 /* Etapas.swift */ = {isa = PBXFileReference; lastKnownFileType = sourcecode.swift; path = Etapas.swift; sourceTree = "<group>"; };
		8ECCD9E52BA7D8AD005C857C /* IFruut.app */ = {isa = PBXFileReference; explicitFileType = wrapper.application; includeInIndex = 0; path = IFruut.app; sourceTree = BUILT_PRODUCTS_DIR; };
		8ECCD9E82BA7D8AD005C857C /* IFruutApp.swift */ = {isa = PBXFileReference; lastKnownFileType = sourcecode.swift; path = IFruutApp.swift; sourceTree = "<group>"; };
		8ECCD9EA2BA7D8AD005C857C /* ContentView.swift */ = {isa = PBXFileReference; lastKnownFileType = sourcecode.swift; path = ContentView.swift; sourceTree = "<group>"; };
		8ECCD9EC2BA7D8AF005C857C /* Assets.xcassets */ = {isa = PBXFileReference; lastKnownFileType = folder.assetcatalog; path = Assets.xcassets; sourceTree = "<group>"; };
		8ECCD9EF2BA7D8AF005C857C /* Preview Assets.xcassets */ = {isa = PBXFileReference; lastKnownFileType = folder.assetcatalog; path = "Preview Assets.xcassets"; sourceTree = "<group>"; };
		8ECCDA0A2BA7DC59005C857C /* StoryBoardView.swift */ = {isa = PBXFileReference; lastKnownFileType = sourcecode.swift; path = StoryBoardView.swift; sourceTree = "<group>"; };
		8ECCDA0E2BA7DE10005C857C /* LoginView.swift */ = {isa = PBXFileReference; lastKnownFileType = sourcecode.swift; path = LoginView.swift; sourceTree = "<group>"; };
		8ECCDA112BA89654005C857C /* RegisterView.swift */ = {isa = PBXFileReference; lastKnownFileType = sourcecode.swift; path = RegisterView.swift; sourceTree = "<group>"; };
/* End PBXFileReference section */

/* Begin PBXFrameworksBuildPhase section */
		8ECCD9E22BA7D8AD005C857C /* Frameworks */ = {
			isa = PBXFrameworksBuildPhase;
			buildActionMask = 2147483647;
			files = (
			);
			runOnlyForDeploymentPostprocessing = 0;
		};
/* End PBXFrameworksBuildPhase section */

/* Begin PBXGroup section */
		8ECCD9DC2BA7D8AD005C857C = {
			isa = PBXGroup;
			children = (
				8ECCD9E72BA7D8AD005C857C /* IFruut */,
				8ECCD9E62BA7D8AD005C857C /* Products */,
			);
			sourceTree = "<group>";
		};
		8ECCD9E62BA7D8AD005C857C /* Products */ = {
			isa = PBXGroup;
			children = (
				8ECCD9E52BA7D8AD005C857C /* IFruut.app */,
			);
			name = Products;
			sourceTree = "<group>";
		};
		8ECCD9E72BA7D8AD005C857C /* IFruut */ = {
			isa = PBXGroup;
			children = (
				8ECCD9FC2BA7DA8E005C857C /* App */,
				8ECCD9FB2BA7DA18005C857C /* Core */,
				8ECCD9FA2BA7DA15005C857C /* Extentions */,
				8ECCD9F92BA7DA12005C857C /* Service */,
				8ECCD9F82BA7DA10005C857C /* Models */,
				8ECCD9F72BA7DA0D005C857C /* Imagem */,
				8ECCD9F62BA7DA09005C857C /* Fontes */,
				8ECCD9EC2BA7D8AF005C857C /* Assets.xcassets */,
				8ECCD9EE2BA7D8AF005C857C /* Preview Content */,
			);
			path = IFruut;
			sourceTree = "<group>";
		};
		8ECCD9EE2BA7D8AF005C857C /* Preview Content */ = {
			isa = PBXGroup;
			children = (
				8ECCD9EF2BA7D8AF005C857C /* Preview Assets.xcassets */,
			);
			path = "Preview Content";
			sourceTree = "<group>";
		};
		8ECCD9F62BA7DA09005C857C /* Fontes */ = {
			isa = PBXGroup;
			children = (
			);
			path = Fontes;
			sourceTree = "<group>";
		};
		8ECCD9F72BA7DA0D005C857C /* Imagem */ = {
			isa = PBXGroup;
			children = (
			);
			path = Imagem;
			sourceTree = "<group>";
		};
		8ECCD9F82BA7DA10005C857C /* Models */ = {
			isa = PBXGroup;
			children = (
			);
			path = Models;
			sourceTree = "<group>";
		};
		8ECCD9F92BA7DA12005C857C /* Service */ = {
			isa = PBXGroup;
			children = (
			);
			path = Service;
			sourceTree = "<group>";
		};
		8ECCD9FA2BA7DA15005C857C /* Extentions */ = {
			isa = PBXGroup;
			children = (
			);
			path = Extentions;
			sourceTree = "<group>";
		};
		8ECCD9FB2BA7DA18005C857C /* Core */ = {
			isa = PBXGroup;
			children = (
				8ECCDA092BA7DBF9005C857C /* StoryBoards */,
				8ECCDA042BA7DAB5005C857C /* Account */,
				8ECCDA032BA7DAB3005C857C /* TabBar */,
				8ECCDA022BA7DAB1005C857C /* Home */,
				8ECCDA012BA7DAAF005C857C /* Menu */,
				8ECCDA002BA7DAAC005C857C /* Welcome */,
				8ECCD9FF2BA7DAA4005C857C /* Authentication */,
				8ECCD9FE2BA7DAA2005C857C /* ViewModel */,
			);
			path = Core;
			sourceTree = "<group>";
		};
		8ECCD9FC2BA7DA8E005C857C /* App */ = {
			isa = PBXGroup;
			children = (
				8ECCD9E82BA7D8AD005C857C /* IFruutApp.swift */,
				8ECCD9EA2BA7D8AD005C857C /* ContentView.swift */,
			);
			path = App;
			sourceTree = "<group>";
		};
		8ECCD9FE2BA7DAA2005C857C /* ViewModel */ = {
			isa = PBXGroup;
			children = (
			);
			path = ViewModel;
			sourceTree = "<group>";
		};
		8ECCD9FF2BA7DAA4005C857C /* Authentication */ = {
			isa = PBXGroup;
			children = (
				8ECCDA102BA890EE005C857C /* Button */,
				8ECCDA062BA7DAEF005C857C /* Register */,
				8ECCDA052BA7DAEA005C857C /* Login */,
			);
			path = Authentication;
			sourceTree = "<group>";
		};
		8ECCDA002BA7DAAC005C857C /* Welcome */ = {
			isa = PBXGroup;
			children = (
				8ECCDA082BA7DB02005C857C /* View */,
				8ECCDA072BA7DAFB005C857C /* Models */,
			);
			path = Welcome;
			sourceTree = "<group>";
		};
		8ECCDA012BA7DAAF005C857C /* Menu */ = {
			isa = PBXGroup;
			children = (
			);
			path = Menu;
			sourceTree = "<group>";
		};
		8ECCDA022BA7DAB1005C857C /* Home */ = {
			isa = PBXGroup;
			children = (
			);
			path = Home;
			sourceTree = "<group>";
		};
		8ECCDA032BA7DAB3005C857C /* TabBar */ = {
			isa = PBXGroup;
			children = (
			);
			path = TabBar;
			sourceTree = "<group>";
		};
		8ECCDA042BA7DAB5005C857C /* Account */ = {
			isa = PBXGroup;
			children = (
			);
			path = Account;
			sourceTree = "<group>";
		};
		8ECCDA052BA7DAEA005C857C /* Login */ = {
			isa = PBXGroup;
			children = (
				8ECCDA0E2BA7DE10005C857C /* LoginView.swift */,
			);
			path = Login;
			sourceTree = "<group>";
		};
		8ECCDA062BA7DAEF005C857C /* Register */ = {
			isa = PBXGroup;
			children = (
				8ECCDA112BA89654005C857C /* RegisterView.swift */,
			);
			path = Register;
			sourceTree = "<group>";
		};
		8ECCDA072BA7DAFB005C857C /* Models */ = {
			isa = PBXGroup;
			children = (
				8E52F8D02BA8C9C300092D93 /* Etapas.swift */,
			);
			path = Models;
			sourceTree = "<group>";
		};
		8ECCDA082BA7DB02005C857C /* View */ = {
			isa = PBXGroup;
			children = (
				8E52F8CE2BA8BA8F00092D93 /* Etapa1View.swift */,
			);
			path = View;
			sourceTree = "<group>";
		};
		8ECCDA092BA7DBF9005C857C /* StoryBoards */ = {
			isa = PBXGroup;
			children = (
				8ECCDA0A2BA7DC59005C857C /* StoryBoardView.swift */,
			);
			path = StoryBoards;
			sourceTree = "<group>";
		};
		8ECCDA102BA890EE005C857C /* Button */ = {
			isa = PBXGroup;
			children = (
			);
			path = Button;
			sourceTree = "<group>";
		};
/* End PBXGroup section */

/* Begin PBXNativeTarget section */
		8ECCD9E42BA7D8AD005C857C /* IFruut */ = {
			isa = PBXNativeTarget;
			buildConfigurationList = 8ECCD9F32BA7D8AF005C857C /* Build configuration list for PBXNativeTarget "IFruut" */;
			buildPhases = (
				8ECCD9E12BA7D8AD005C857C /* Sources */,
				8ECCD9E22BA7D8AD005C857C /* Frameworks */,
				8ECCD9E32BA7D8AD005C857C /* Resources */,
			);
			buildRules = (
			);
			dependencies = (
			);
			name = IFruut;
			productName = IFruut;
			productReference = 8ECCD9E52BA7D8AD005C857C /* IFruut.app */;
			productType = "com.apple.product-type.application";
		};
/* End PBXNativeTarget section */

/* Begin PBXProject section */
		8ECCD9DD2BA7D8AD005C857C /* Project object */ = {
			isa = PBXProject;
			attributes = {
				BuildIndependentTargetsInParallel = 1;
				LastSwiftUpdateCheck = 1500;
				LastUpgradeCheck = 1500;
				TargetAttributes = {
					8ECCD9E42BA7D8AD005C857C = {
						CreatedOnToolsVersion = 15.0;
					};
				};
			};
			buildConfigurationList = 8ECCD9E02BA7D8AD005C857C /* Build configuration list for PBXProject "IFruut" */;
			compatibilityVersion = "Xcode 14.0";
			developmentRegion = en;
			hasScannedForEncodings = 0;
			knownRegions = (
				en,
				Base,
			);
			mainGroup = 8ECCD9DC2BA7D8AD005C857C;
			productRefGroup = 8ECCD9E62BA7D8AD005C857C /* Products */;
			projectDirPath = "";
			projectRoot = "";
			targets = (
				8ECCD9E42BA7D8AD005C857C /* IFruut */,
			);
		};
/* End PBXProject section */

/* Begin PBXResourcesBuildPhase section */
		8ECCD9E32BA7D8AD005C857C /* Resources */ = {
			isa = PBXResourcesBuildPhase;
			buildActionMask = 2147483647;
			files = (
				8ECCD9F02BA7D8AF005C857C /* Preview Assets.xcassets in Resources */,
				8ECCD9ED2BA7D8AF005C857C /* Assets.xcassets in Resources */,
			);
			runOnlyForDeploymentPostprocessing = 0;
		};
/* End PBXResourcesBuildPhase section */

/* Begin PBXSourcesBuildPhase section */
		8ECCD9E12BA7D8AD005C857C /* Sources */ = {
			isa = PBXSourcesBuildPhase;
			buildActionMask = 2147483647;
			files = (
				8ECCD9EB2BA7D8AD005C857C /* ContentView.swift in Sources */,
				8ECCDA122BA89654005C857C /* RegisterView.swift in Sources */,
				8E52F8D12BA8C9C300092D93 /* Etapas.swift in Sources */,
				8ECCD9E92BA7D8AD005C857C /* IFruutApp.swift in Sources */,
				8ECCDA0F2BA7DE10005C857C /* LoginView.swift in Sources */,
				8E52F8CF2BA8BA8F00092D93 /* Etapa1View.swift in Sources */,
				8ECCDA0B2BA7DC59005C857C /* StoryBoardView.swift in Sources */,
			);
			runOnlyForDeploymentPostprocessing = 0;
		};
/* End PBXSourcesBuildPhase section */

/* Begin XCBuildConfiguration section */
		8ECCD9F12BA7D8AF005C857C /* Debug */ = {
			isa = XCBuildConfiguration;
			buildSettings = {
				ALWAYS_SEARCH_USER_PATHS = NO;
				ASSETCATALOG_COMPILER_GENERATE_SWIFT_ASSET_SYMBOL_EXTENSIONS = YES;
				CLANG_ANALYZER_NONNULL = YES;
				CLANG_ANALYZER_NUMBER_OBJECT_CONVERSION = YES_AGGRESSIVE;
				CLANG_CXX_LANGUAGE_STANDARD = "gnu++20";
				CLANG_ENABLE_MODULES = YES;
				CLANG_ENABLE_OBJC_ARC = YES;
				CLANG_ENABLE_OBJC_WEAK = YES;
				CLANG_WARN_BLOCK_CAPTURE_AUTORELEASING = YES;
				CLANG_WARN_BOOL_CONVERSION = YES;
				CLANG_WARN_COMMA = YES;
				CLANG_WARN_CONSTANT_CONVERSION = YES;
				CLANG_WARN_DEPRECATED_OBJC_IMPLEMENTATIONS = YES;
				CLANG_WARN_DIRECT_OBJC_ISA_USAGE = YES_ERROR;
				CLANG_WARN_DOCUMENTATION_COMMENTS = YES;
				CLANG_WARN_EMPTY_BODY = YES;
				CLANG_WARN_ENUM_CONVERSION = YES;
				CLANG_WARN_INFINITE_RECURSION = YES;
				CLANG_WARN_INT_CONVERSION = YES;
				CLANG_WARN_NON_LITERAL_NULL_CONVERSION = YES;
				CLANG_WARN_OBJC_IMPLICIT_RETAIN_SELF = YES;
				CLANG_WARN_OBJC_LITERAL_CONVERSION = YES;
				CLANG_WARN_OBJC_ROOT_CLASS = YES_ERROR;
				CLANG_WARN_QUOTED_INCLUDE_IN_FRAMEWORK_HEADER = YES;
				CLANG_WARN_RANGE_LOOP_ANALYSIS = YES;
				CLANG_WARN_STRICT_PROTOTYPES = YES;
				CLANG_WARN_SUSPICIOUS_MOVE = YES;
				CLANG_WARN_UNGUARDED_AVAILABILITY = YES_AGGRESSIVE;
				CLANG_WARN_UNREACHABLE_CODE = YES;
				CLANG_WARN__DUPLICATE_METHOD_MATCH = YES;
				COPY_PHASE_STRIP = NO;
				DEBUG_INFORMATION_FORMAT = dwarf;
				ENABLE_STRICT_OBJC_MSGSEND = YES;
				ENABLE_TESTABILITY = YES;
				ENABLE_USER_SCRIPT_SANDBOXING = YES;
				GCC_C_LANGUAGE_STANDARD = gnu17;
				GCC_DYNAMIC_NO_PIC = NO;
				GCC_NO_COMMON_BLOCKS = YES;
				GCC_OPTIMIZATION_LEVEL = 0;
				GCC_PREPROCESSOR_DEFINITIONS = (
					"DEBUG=1",
					"$(inherited)",
				);
				GCC_WARN_64_TO_32_BIT_CONVERSION = YES;
				GCC_WARN_ABOUT_RETURN_TYPE = YES_ERROR;
				GCC_WARN_UNDECLARED_SELECTOR = YES;
				GCC_WARN_UNINITIALIZED_AUTOS = YES_AGGRESSIVE;
				GCC_WARN_UNUSED_FUNCTION = YES;
				GCC_WARN_UNUSED_VARIABLE = YES;
				IPHONEOS_DEPLOYMENT_TARGET = 17.0;
				LOCALIZATION_PREFERS_STRING_CATALOGS = YES;
				MTL_ENABLE_DEBUG_INFO = INCLUDE_SOURCE;
				MTL_FAST_MATH = YES;
				ONLY_ACTIVE_ARCH = YES;
				SDKROOT = iphoneos;
				SWIFT_ACTIVE_COMPILATION_CONDITIONS = "DEBUG $(inherited)";
				SWIFT_OPTIMIZATION_LEVEL = "-Onone";
			};
			name = Debug;
		};
		8ECCD9F22BA7D8AF005C857C /* Release */ = {
			isa = XCBuildConfiguration;
			buildSettings = {
				ALWAYS_SEARCH_USER_PATHS = NO;
				ASSETCATALOG_COMPILER_GENERATE_SWIFT_ASSET_SYMBOL_EXTENSIONS = YES;
				CLANG_ANALYZER_NONNULL = YES;
				CLANG_ANALYZER_NUMBER_OBJECT_CONVERSION = YES_AGGRESSIVE;
				CLANG_CXX_LANGUAGE_STANDARD = "gnu++20";
				CLANG_ENABLE_MODULES = YES;
				CLANG_ENABLE_OBJC_ARC = YES;
				CLANG_ENABLE_OBJC_WEAK = YES;
				CLANG_WARN_BLOCK_CAPTURE_AUTORELEASING = YES;
				CLANG_WARN_BOOL_CONVERSION = YES;
				CLANG_WARN_COMMA = YES;
				CLANG_WARN_CONSTANT_CONVERSION = YES;
				CLANG_WARN_DEPRECATED_OBJC_IMPLEMENTATIONS = YES;
				CLANG_WARN_DIRECT_OBJC_ISA_USAGE = YES_ERROR;
				CLANG_WARN_DOCUMENTATION_COMMENTS = YES;
				CLANG_WARN_EMPTY_BODY = YES;
				CLANG_WARN_ENUM_CONVERSION = YES;
				CLANG_WARN_INFINITE_RECURSION = YES;
				CLANG_WARN_INT_CONVERSION = YES;
				CLANG_WARN_NON_LITERAL_NULL_CONVERSION = YES;
				CLANG_WARN_OBJC_IMPLICIT_RETAIN_SELF = YES;
				CLANG_WARN_OBJC_LITERAL_CONVERSION = YES;
				CLANG_WARN_OBJC_ROOT_CLASS = YES_ERROR;
				CLANG_WARN_QUOTED_INCLUDE_IN_FRAMEWORK_HEADER = YES;
				CLANG_WARN_RANGE_LOOP_ANALYSIS = YES;
				CLANG_WARN_STRICT_PROTOTYPES = YES;
				CLANG_WARN_SUSPICIOUS_MOVE = YES;
				CLANG_WARN_UNGUARDED_AVAILABILITY = YES_AGGRESSIVE;
				CLANG_WARN_UNREACHABLE_CODE = YES;
				CLANG_WARN__DUPLICATE_METHOD_MATCH = YES;
				COPY_PHASE_STRIP = NO;
				DEBUG_INFORMATION_FORMAT = "dwarf-with-dsym";
				ENABLE_NS_ASSERTIONS = NO;
				ENABLE_STRICT_OBJC_MSGSEND = YES;
				ENABLE_USER_SCRIPT_SANDBOXING = YES;
				GCC_C_LANGUAGE_STANDARD = gnu17;
				GCC_NO_COMMON_BLOCKS = YES;
				GCC_WARN_64_TO_32_BIT_CONVERSION = YES;
				GCC_WARN_ABOUT_RETURN_TYPE = YES_ERROR;
				GCC_WARN_UNDECLARED_SELECTOR = YES;
				GCC_WARN_UNINITIALIZED_AUTOS = YES_AGGRESSIVE;
				GCC_WARN_UNUSED_FUNCTION = YES;
				GCC_WARN_UNUSED_VARIABLE = YES;
				IPHONEOS_DEPLOYMENT_TARGET = 17.0;
				LOCALIZATION_PREFERS_STRING_CATALOGS = YES;
				MTL_ENABLE_DEBUG_INFO = NO;
				MTL_FAST_MATH = YES;
				SDKROOT = iphoneos;
				SWIFT_COMPILATION_MODE = wholemodule;
				VALIDATE_PRODUCT = YES;
			};
			name = Release;
		};
		8ECCD9F42BA7D8AF005C857C /* Debug */ = {
			isa = XCBuildConfiguration;
			buildSettings = {
				ASSETCATALOG_COMPILER_APPICON_NAME = AppIcon;
				ASSETCATALOG_COMPILER_GLOBAL_ACCENT_COLOR_NAME = AccentColor;
				CODE_SIGN_STYLE = Automatic;
				CURRENT_PROJECT_VERSION = 1;
				DEVELOPMENT_ASSET_PATHS = "\"IFruut/Preview Content\"";
				DEVELOPMENT_TEAM = TJMSZ6N757;
				ENABLE_PREVIEWS = YES;
				GENERATE_INFOPLIST_FILE = YES;
				INFOPLIST_KEY_UIApplicationSceneManifest_Generation = YES;
				INFOPLIST_KEY_UIApplicationSupportsIndirectInputEvents = YES;
				INFOPLIST_KEY_UILaunchScreen_Generation = YES;
				INFOPLIST_KEY_UISupportedInterfaceOrientations_iPad = "UIInterfaceOrientationPortrait UIInterfaceOrientationPortraitUpsideDown UIInterfaceOrientationLandscapeLeft UIInterfaceOrientationLandscapeRight";
				INFOPLIST_KEY_UISupportedInterfaceOrientations_iPhone = "UIInterfaceOrientationPortrait UIInterfaceOrientationLandscapeLeft UIInterfaceOrientationLandscapeRight";
				LD_RUNPATH_SEARCH_PATHS = (
					"$(inherited)",
					"@executable_path/Frameworks",
				);
				MARKETING_VERSION = 1.0;
				PRODUCT_BUNDLE_IDENTIFIER = com.leonardo.IFruut;
				PRODUCT_NAME = "$(TARGET_NAME)";
				SWIFT_EMIT_LOC_STRINGS = YES;
				SWIFT_VERSION = 5.0;
				TARGETED_DEVICE_FAMILY = "1,2";
			};
			name = Debug;
		};
		8ECCD9F52BA7D8AF005C857C /* Release */ = {
			isa = XCBuildConfiguration;
			buildSettings = {
				ASSETCATALOG_COMPILER_APPICON_NAME = AppIcon;
				ASSETCATALOG_COMPILER_GLOBAL_ACCENT_COLOR_NAME = AccentColor;
				CODE_SIGN_STYLE = Automatic;
				CURRENT_PROJECT_VERSION = 1;
				DEVELOPMENT_ASSET_PATHS = "\"IFruut/Preview Content\"";
				DEVELOPMENT_TEAM = TJMSZ6N757;
				ENABLE_PREVIEWS = YES;
				GENERATE_INFOPLIST_FILE = YES;
				INFOPLIST_KEY_UIApplicationSceneManifest_Generation = YES;
				INFOPLIST_KEY_UIApplicationSupportsIndirectInputEvents = YES;
				INFOPLIST_KEY_UILaunchScreen_Generation = YES;
				INFOPLIST_KEY_UISupportedInterfaceOrientations_iPad = "UIInterfaceOrientationPortrait UIInterfaceOrientationPortraitUpsideDown UIInterfaceOrientationLandscapeLeft UIInterfaceOrientationLandscapeRight";
				INFOPLIST_KEY_UISupportedInterfaceOrientations_iPhone = "UIInterfaceOrientationPortrait UIInterfaceOrientationLandscapeLeft UIInterfaceOrientationLandscapeRight";
				LD_RUNPATH_SEARCH_PATHS = (
					"$(inherited)",
					"@executable_path/Frameworks",
				);
				MARKETING_VERSION = 1.0;
				PRODUCT_BUNDLE_IDENTIFIER = com.leonardo.IFruut;
				PRODUCT_NAME = "$(TARGET_NAME)";
				SWIFT_EMIT_LOC_STRINGS = YES;
				SWIFT_VERSION = 5.0;
				TARGETED_DEVICE_FAMILY = "1,2";
			};
			name = Release;
		};
/* End XCBuildConfiguration section */

/* Begin XCConfigurationList section */
		8ECCD9E02BA7D8AD005C857C /* Build configuration list for PBXProject "IFruut" */ = {
			isa = XCConfigurationList;
			buildConfigurations = (
				8ECCD9F12BA7D8AF005C857C /* Debug */,
				8ECCD9F22BA7D8AF005C857C /* Release */,
			);
			defaultConfigurationIsVisible = 0;
			defaultConfigurationName = Release;
		};
		8ECCD9F32BA7D8AF005C857C /* Build configuration list for PBXNativeTarget "IFruut" */ = {
			isa = XCConfigurationList;
			buildConfigurations = (
				8ECCD9F42BA7D8AF005C857C /* Debug */,
				8ECCD9F52BA7D8AF005C857C /* Release */,
			);
			defaultConfigurationIsVisible = 0;
			defaultConfigurationName = Release;
		};
/* End XCConfigurationList section */
	};
	rootObject = 8ECCD9DD2BA7D8AD005C857C /* Project object */;
}
